
Microsoft Visual Studio Solution File, Format Version 12.00
# Visual Studio Version 17
VisualStudioVersion = 17.13.35931.197 d17.13
MinimumVisualStudioVersion = 10.0.40219.1
Project("{54A90642-561A-4BB1-A94E-469ADEE60C69}") = "aiassessment.client", "aiassessment.client\aiassessment.client.esproj", "{778F7A97-F256-85B6-92B6-7DAC03C0BEA3}"
EndProject
Project("{FAE04EC0-301F-11D3-BF4B-00C04F79EFBC}") = "AiAssessment.Server", "AiAssessment.Server\AiAssessment.Server.csproj", "{A1D53664-F7D0-4F5B-9DC1-331054C56FFD}"
EndProject
Global
	GlobalSection(SolutionConfigurationPlatforms) = preSolution
		Debug|Any CPU = Debug|Any CPU
		Release|Any CPU = Release|Any CPU
	EndGlobalSection
	GlobalSection(ProjectConfigurationPlatforms) = postSolution
		{778F7A97-F256-85B6-92B6-7DAC03C0BEA3}.Debug|Any CPU.ActiveCfg = Debug|Any CPU
		{778F7A97-F256-85B6-92B6-7DAC03C0BEA3}.Debug|Any CPU.Build.0 = Debug|Any CPU
		{778F7A97-F256-85B6-92B6-7DAC03C0BEA3}.Debug|Any CPU.Deploy.0 = Debug|Any CPU
		{778F7A97-F256-85B6-92B6-7DAC03C0BEA3}.Release|Any CPU.ActiveCfg = Release|Any CPU
		{778F7A97-F256-85B6-92B6-7DAC03C0BEA3}.Release|Any CPU.Build.0 = Release|Any CPU
		{778F7A97-F256-85B6-92B6-7DAC03C0BEA3}.Release|Any CPU.Deploy.0 = Release|Any CPU
		{A1D53664-F7D0-4F5B-9DC1-331054C56FFD}.Debug|Any CPU.ActiveCfg = Debug|Any CPU
		{A1D53664-F7D0-4F5B-9DC1-331054C56FFD}.Debug|Any CPU.Build.0 = Debug|Any CPU
		{A1D53664-F7D0-4F5B-9DC1-331054C56FFD}.Release|Any CPU.ActiveCfg = Release|Any CPU
		{A1D53664-F7D0-4F5B-9DC1-331054C56FFD}.Release|Any CPU.Build.0 = Release|Any CPU
	EndGlobalSection
	GlobalSection(SolutionProperties) = preSolution
		HideSolutionNode = FALSE
	EndGlobalSection
	GlobalSection(ExtensibilityGlobals) = postSolution
		SolutionGuid = {89EEE5DA-8C61-4EA2-8521-7817AEF46358}
	EndGlobalSection
EndGlobal
